
Microsoft Visual Studio Solution File, Format Version 12.00
# Visual Studio Version 16
VisualStudioVersion = 16.0.29728.190
MinimumVisualStudioVersion = 10.0.40219.1
Project("{FAE04EC0-301F-11D3-BF4B-00C04F79EFBC}") = "ElfWizardDuel", "ElfWizardDuel\ElfWizardDuel.csproj", "{9EF3DC7C-8917-4243-B62D-3625394BEBB8}"
EndProject
Global
	GlobalSection(SolutionConfigurationPlatforms) = preSolution
		Debug|Any CPU = Debug|Any CPU
		Release|Any CPU = Release|Any CPU
	EndGlobalSection
	GlobalSection(ProjectConfigurationPlatforms) = postSolution
		{9EF3DC7C-8917-4243-B62D-3625394BEBB8}.Debug|Any CPU.ActiveCfg = Debug|Any CPU
		{9EF3DC7C-8917-4243-B62D-3625394BEBB8}.Debug|Any CPU.Build.0 = Debug|Any CPU
		{9EF3DC7C-8917-4243-B62D-3625394BEBB8}.Release|Any CPU.ActiveCfg = Release|Any CPU
		{9EF3DC7C-8917-4243-B62D-3625394BEBB8}.Release|Any CPU.Build.0 = Release|Any CPU
	EndGlobalSection
	GlobalSection(SolutionProperties) = preSolution
		HideSolutionNode = FALSE
	EndGlobalSection
	GlobalSection(ExtensibilityGlobals) = postSolution
		SolutionGuid = {1A6E50DB-183C-440C-A63B-349805A3625C}
	EndGlobalSection
EndGlobal
